{
  "name": "accordo",
  "version": "0.1.0",
  "lockfileVersion": 3,
  "requires": true,
  "packages": {
    "": {
      "name": "accordo",
      "version": "0.1.0",
      "license": "MIT",
      "bin": {
        "accordo": "packages/cli/bin/accordo.js"
      },
      "engines": {
        "node": ">=22.16.0"
      }
    }
  }
}
